
Microsoft Visual Studio Solution File, Format Version 12.00
# Visual Studio Version 17
VisualStudioVersion = 17.5.33516.290
MinimumVisualStudioVersion = 10.0.40219.1
Project("{FAE04EC0-301F-11D3-BF4B-00C04F79EFBC}") = "BlazorApp1.Server", "BlazorApp1\Server\BlazorApp1.Server.csproj", "{B3C902C4-889F-43AA-A581-45921CFD6DA0}"
EndProject
Project("{FAE04EC0-301F-11D3-BF4B-00C04F79EFBC}") = "BlazorApp1.Client", "BlazorApp1\Client\BlazorApp1.Client.csproj", "{A53DF3FD-75B6-4A9D-BC23-AEE4936EFB84}"
EndProject
Project("{FAE04EC0-301F-11D3-BF4B-00C04F79EFBC}") = "BlazorApp1.Shared", "BlazorApp1\Shared\BlazorApp1.Shared.csproj", "{2ADF9C2B-F76E-4D95-83F3-8BF5458D7121}"
EndProject
Global
	GlobalSection(SolutionConfigurationPlatforms) = preSolution
		Debug|Any CPU = Debug|Any CPU
		Release|Any CPU = Release|Any CPU
	EndGlobalSection
	GlobalSection(ProjectConfigurationPlatforms) = postSolution
		{B3C902C4-889F-43AA-A581-45921CFD6DA0}.Debug|Any CPU.ActiveCfg = Debug|Any CPU
		{B3C902C4-889F-43AA-A581-45921CFD6DA0}.Debug|Any CPU.Build.0 = Debug|Any CPU
		{B3C902C4-889F-43AA-A581-45921CFD6DA0}.Release|Any CPU.ActiveCfg = Release|Any CPU
		{B3C902C4-889F-43AA-A581-45921CFD6DA0}.Release|Any CPU.Build.0 = Release|Any CPU
		{A53DF3FD-75B6-4A9D-BC23-AEE4936EFB84}.Debug|Any CPU.ActiveCfg = Debug|Any CPU
		{A53DF3FD-75B6-4A9D-BC23-AEE4936EFB84}.Debug|Any CPU.Build.0 = Debug|Any CPU
		{A53DF3FD-75B6-4A9D-BC23-AEE4936EFB84}.Release|Any CPU.ActiveCfg = Release|Any CPU
		{A53DF3FD-75B6-4A9D-BC23-AEE4936EFB84}.Release|Any CPU.Build.0 = Release|Any CPU
		{2ADF9C2B-F76E-4D95-83F3-8BF5458D7121}.Debug|Any CPU.ActiveCfg = Debug|Any CPU
		{2ADF9C2B-F76E-4D95-83F3-8BF5458D7121}.Debug|Any CPU.Build.0 = Debug|Any CPU
		{2ADF9C2B-F76E-4D95-83F3-8BF5458D7121}.Release|Any CPU.ActiveCfg = Release|Any CPU
		{2ADF9C2B-F76E-4D95-83F3-8BF5458D7121}.Release|Any CPU.Build.0 = Release|Any CPU
	EndGlobalSection
	GlobalSection(SolutionProperties) = preSolution
		HideSolutionNode = FALSE
	EndGlobalSection
	GlobalSection(ExtensibilityGlobals) = postSolution
		SolutionGuid = {BB83B130-7532-4631-BB91-FDDC426E78B8}
	EndGlobalSection
EndGlobal
